
Microsoft Visual Studio Solution File, Format Version 12.00
# Visual Studio Version 16
VisualStudioVersion = 25.0.1706.11
MinimumVisualStudioVersion = 10.0.40219.1
Project("{FAE04EC0-301F-11D3-BF4B-00C04F79EFBC}") = "CRS", "CRS\CRS.csproj", "{30786392-9B47-4CB2-91EA-A85BE191CCD5}"
EndProject
Project("{FAE04EC0-301F-11D3-BF4B-00C04F79EFBC}") = "CRTS.Test", "CRTS.Test\CRTS.Test.csproj", "{B82E56F7-D722-4AC5-AF5D-0E93984715FD}"
EndProject
Global
	GlobalSection(SolutionConfigurationPlatforms) = preSolution
		Debug|Any CPU = Debug|Any CPU
		Release|Any CPU = Release|Any CPU
	EndGlobalSection
	GlobalSection(ProjectConfigurationPlatforms) = postSolution
		{30786392-9B47-4CB2-91EA-A85BE191CCD5}.Debug|Any CPU.ActiveCfg = Debug|Any CPU
		{30786392-9B47-4CB2-91EA-A85BE191CCD5}.Debug|Any CPU.Build.0 = Debug|Any CPU
		{30786392-9B47-4CB2-91EA-A85BE191CCD5}.Release|Any CPU.ActiveCfg = Release|Any CPU
		{30786392-9B47-4CB2-91EA-A85BE191CCD5}.Release|Any CPU.Build.0 = Release|Any CPU
		{B82E56F7-D722-4AC5-AF5D-0E93984715FD}.Debug|Any CPU.ActiveCfg = Debug|Any CPU
		{B82E56F7-D722-4AC5-AF5D-0E93984715FD}.Debug|Any CPU.Build.0 = Debug|Any CPU
		{B82E56F7-D722-4AC5-AF5D-0E93984715FD}.Release|Any CPU.ActiveCfg = Release|Any CPU
		{B82E56F7-D722-4AC5-AF5D-0E93984715FD}.Release|Any CPU.Build.0 = Release|Any CPU
	EndGlobalSection
	GlobalSection(SolutionProperties) = preSolution
		HideSolutionNode = FALSE
	EndGlobalSection
	GlobalSection(ExtensibilityGlobals) = postSolution
		SolutionGuid = {78BFE847-1973-4EF1-8DD5-285812FAB80C}
	EndGlobalSection
EndGlobal
